
Microsoft Visual Studio Solution File, Format Version 12.00
# Visual Studio Version 17
VisualStudioVersion = 17.0.31903.59
MinimumVisualStudioVersion = 10.0.40219.1
Project("{FAE04EC0-301F-11D3-BF4B-00C04F79EFBC}") = "MediaManagementApi.Domain", "src\Core\MediaManagementApi.Domain\MediaManagementApi.Domain.csproj", "{AF9B8B8E-98C8-4DEC-8AE5-AC280821B546}"
EndProject
Project("{2150E333-8FDC-42A3-9474-1A3956D46DE8}") = "src", "src", "{2D96F1E8-416F-492A-B768-DF5D2274EA6C}"
EndProject
Project("{2150E333-8FDC-42A3-9474-1A3956D46DE8}") = "Core", "Core", "{FA6B1C41-CF03-4293-A04D-4AB6237D8078}"
EndProject
Project("{FAE04EC0-301F-11D3-BF4B-00C04F79EFBC}") = "MediaManagement.Application", "src\Core\MediaManagement.Application\MediaManagement.Application.csproj", "{7B4958A5-2A56-450C-89FB-DA7D05310A75}"
EndProject
Project("{FAE04EC0-301F-11D3-BF4B-00C04F79EFBC}") = "MediaManagement.Infra", "src\FrameworkAndDrivers\Database\MediaManagement.Infra\MediaManagement.Infra.csproj", "{024518B9-510C-467B-B96B-17D5F3C7B524}"
EndProject
Project("{2150E333-8FDC-42A3-9474-1A3956D46DE8}") = "FrameworkAndDrivers", "FrameworkAndDrivers", "{DE665C81-F00B-4263-9FC3-529C66E37A40}"
EndProject
Project("{FAE04EC0-301F-11D3-BF4B-00C04F79EFBC}") = "MediaManagement.Api", "src\FrameworkAndDrivers\MediaManagement.Api\MediaManagement.Api.csproj", "{322EC9F8-4281-487F-AB05-2FDE2F92292C}"
EndProject
Global
	GlobalSection(SolutionConfigurationPlatforms) = preSolution
		Debug|Any CPU = Debug|Any CPU
		Release|Any CPU = Release|Any CPU
	EndGlobalSection
	GlobalSection(SolutionProperties) = preSolution
		HideSolutionNode = FALSE
	EndGlobalSection
	GlobalSection(ProjectConfigurationPlatforms) = postSolution
		{AF9B8B8E-98C8-4DEC-8AE5-AC280821B546}.Debug|Any CPU.ActiveCfg = Debug|Any CPU
		{AF9B8B8E-98C8-4DEC-8AE5-AC280821B546}.Debug|Any CPU.Build.0 = Debug|Any CPU
		{AF9B8B8E-98C8-4DEC-8AE5-AC280821B546}.Release|Any CPU.ActiveCfg = Release|Any CPU
		{AF9B8B8E-98C8-4DEC-8AE5-AC280821B546}.Release|Any CPU.Build.0 = Release|Any CPU
		{7B4958A5-2A56-450C-89FB-DA7D05310A75}.Debug|Any CPU.ActiveCfg = Debug|Any CPU
		{7B4958A5-2A56-450C-89FB-DA7D05310A75}.Debug|Any CPU.Build.0 = Debug|Any CPU
		{7B4958A5-2A56-450C-89FB-DA7D05310A75}.Release|Any CPU.ActiveCfg = Release|Any CPU
		{7B4958A5-2A56-450C-89FB-DA7D05310A75}.Release|Any CPU.Build.0 = Release|Any CPU
		{024518B9-510C-467B-B96B-17D5F3C7B524}.Debug|Any CPU.ActiveCfg = Debug|Any CPU
		{024518B9-510C-467B-B96B-17D5F3C7B524}.Debug|Any CPU.Build.0 = Debug|Any CPU
		{024518B9-510C-467B-B96B-17D5F3C7B524}.Release|Any CPU.ActiveCfg = Release|Any CPU
		{024518B9-510C-467B-B96B-17D5F3C7B524}.Release|Any CPU.Build.0 = Release|Any CPU
		{322EC9F8-4281-487F-AB05-2FDE2F92292C}.Debug|Any CPU.ActiveCfg = Debug|Any CPU
		{322EC9F8-4281-487F-AB05-2FDE2F92292C}.Debug|Any CPU.Build.0 = Debug|Any CPU
		{322EC9F8-4281-487F-AB05-2FDE2F92292C}.Release|Any CPU.ActiveCfg = Release|Any CPU
		{322EC9F8-4281-487F-AB05-2FDE2F92292C}.Release|Any CPU.Build.0 = Release|Any CPU
	EndGlobalSection
	GlobalSection(NestedProjects) = preSolution
		{FA6B1C41-CF03-4293-A04D-4AB6237D8078} = {2D96F1E8-416F-492A-B768-DF5D2274EA6C}
		{AF9B8B8E-98C8-4DEC-8AE5-AC280821B546} = {FA6B1C41-CF03-4293-A04D-4AB6237D8078}
		{7B4958A5-2A56-450C-89FB-DA7D05310A75} = {FA6B1C41-CF03-4293-A04D-4AB6237D8078}
		{DE665C81-F00B-4263-9FC3-529C66E37A40} = {2D96F1E8-416F-492A-B768-DF5D2274EA6C}
		{024518B9-510C-467B-B96B-17D5F3C7B524} = {DE665C81-F00B-4263-9FC3-529C66E37A40}
		{322EC9F8-4281-487F-AB05-2FDE2F92292C} = {DE665C81-F00B-4263-9FC3-529C66E37A40}
	EndGlobalSection
EndGlobal
