
Microsoft Visual Studio Solution File, Format Version 12.00
# Visual Studio Version 17
VisualStudioVersion = 17.0.31903.59
MinimumVisualStudioVersion = 10.0.40219.1
Project("{FAE04EC0-301F-11D3-BF4B-00C04F79EFBC}") = "MediaManagementApi.Domain", "src\Core\MediaManagementApi.Domain\MediaManagementApi.Domain.csproj", "{AF9B8B8E-98C8-4DEC-8AE5-AC280821B546}"
EndProject
Project("{2150E333-8FDC-42A3-9474-1A3956D46DE8}") = "src", "src", "{2D96F1E8-416F-492A-B768-DF5D2274EA6C}"
EndProject
Project("{2150E333-8FDC-42A3-9474-1A3956D46DE8}") = "Core", "Core", "{FA6B1C41-CF03-4293-A04D-4AB6237D8078}"
EndProject
Project("{FAE04EC0-301F-11D3-BF4B-00C04F79EFBC}") = "MediaManagement.Application", "src\Core\MediaManagement.Application\MediaManagement.Application.csproj", "{7B4958A5-2A56-450C-89FB-DA7D05310A75}"
EndProject
Project("{2150E333-8FDC-42A3-9474-1A3956D46DE8}") = "Drivens", "Drivens", "{DE665C81-F00B-4263-9FC3-529C66E37A40}"
EndProject
Project("{FAE04EC0-301F-11D3-BF4B-00C04F79EFBC}") = "MediaManagement.Infra", "src\Drivens\MediaManagement.Infra\MediaManagement.Infra.csproj", "{8D145190-C985-4D4B-8149-C2B61880B2E2}"
EndProject
Project("{2150E333-8FDC-42A3-9474-1A3956D46DE8}") = "Drivers", "Drivers", "{05AC5A39-F666-4BB1-A1A6-AAB74EA7D1FC}"
EndProject
Project("{FAE04EC0-301F-11D3-BF4B-00C04F79EFBC}") = "MediaManagement.Api", "src\Drivers\MediaManagement.Api\MediaManagement.Api.csproj", "{9E320D65-E710-4570-A8ED-B866C23CC2C5}"
EndProject
Project("{FAE04EC0-301F-11D3-BF4B-00C04F79EFBC}") = "MediaManagement.S3", "src\Drivens\MediaManagement.S3\MediaManagement.S3.csproj", "{44DECD65-5EBF-4F13-A39A-79D4472A2567}"
EndProject
Global
	GlobalSection(SolutionConfigurationPlatforms) = preSolution
		Debug|Any CPU = Debug|Any CPU
		Release|Any CPU = Release|Any CPU
	EndGlobalSection
	GlobalSection(SolutionProperties) = preSolution
		HideSolutionNode = FALSE
	EndGlobalSection
	GlobalSection(ProjectConfigurationPlatforms) = postSolution
		{AF9B8B8E-98C8-4DEC-8AE5-AC280821B546}.Debug|Any CPU.ActiveCfg = Debug|Any CPU
		{AF9B8B8E-98C8-4DEC-8AE5-AC280821B546}.Debug|Any CPU.Build.0 = Debug|Any CPU
		{AF9B8B8E-98C8-4DEC-8AE5-AC280821B546}.Release|Any CPU.ActiveCfg = Release|Any CPU
		{AF9B8B8E-98C8-4DEC-8AE5-AC280821B546}.Release|Any CPU.Build.0 = Release|Any CPU
		{7B4958A5-2A56-450C-89FB-DA7D05310A75}.Debug|Any CPU.ActiveCfg = Debug|Any CPU
		{7B4958A5-2A56-450C-89FB-DA7D05310A75}.Debug|Any CPU.Build.0 = Debug|Any CPU
		{7B4958A5-2A56-450C-89FB-DA7D05310A75}.Release|Any CPU.ActiveCfg = Release|Any CPU
		{7B4958A5-2A56-450C-89FB-DA7D05310A75}.Release|Any CPU.Build.0 = Release|Any CPU
		{8D145190-C985-4D4B-8149-C2B61880B2E2}.Debug|Any CPU.ActiveCfg = Debug|Any CPU
		{8D145190-C985-4D4B-8149-C2B61880B2E2}.Debug|Any CPU.Build.0 = Debug|Any CPU
		{8D145190-C985-4D4B-8149-C2B61880B2E2}.Release|Any CPU.ActiveCfg = Release|Any CPU
		{8D145190-C985-4D4B-8149-C2B61880B2E2}.Release|Any CPU.Build.0 = Release|Any CPU
		{9E320D65-E710-4570-A8ED-B866C23CC2C5}.Debug|Any CPU.ActiveCfg = Debug|Any CPU
		{9E320D65-E710-4570-A8ED-B866C23CC2C5}.Debug|Any CPU.Build.0 = Debug|Any CPU
		{9E320D65-E710-4570-A8ED-B866C23CC2C5}.Release|Any CPU.ActiveCfg = Release|Any CPU
		{9E320D65-E710-4570-A8ED-B866C23CC2C5}.Release|Any CPU.Build.0 = Release|Any CPU
		{44DECD65-5EBF-4F13-A39A-79D4472A2567}.Debug|Any CPU.ActiveCfg = Debug|Any CPU
		{44DECD65-5EBF-4F13-A39A-79D4472A2567}.Debug|Any CPU.Build.0 = Debug|Any CPU
		{44DECD65-5EBF-4F13-A39A-79D4472A2567}.Release|Any CPU.ActiveCfg = Release|Any CPU
		{44DECD65-5EBF-4F13-A39A-79D4472A2567}.Release|Any CPU.Build.0 = Release|Any CPU
	EndGlobalSection
	GlobalSection(NestedProjects) = preSolution
		{FA6B1C41-CF03-4293-A04D-4AB6237D8078} = {2D96F1E8-416F-492A-B768-DF5D2274EA6C}
		{AF9B8B8E-98C8-4DEC-8AE5-AC280821B546} = {FA6B1C41-CF03-4293-A04D-4AB6237D8078}
		{7B4958A5-2A56-450C-89FB-DA7D05310A75} = {FA6B1C41-CF03-4293-A04D-4AB6237D8078}
		{DE665C81-F00B-4263-9FC3-529C66E37A40} = {2D96F1E8-416F-492A-B768-DF5D2274EA6C}
		{8D145190-C985-4D4B-8149-C2B61880B2E2} = {DE665C81-F00B-4263-9FC3-529C66E37A40}
		{05AC5A39-F666-4BB1-A1A6-AAB74EA7D1FC} = {2D96F1E8-416F-492A-B768-DF5D2274EA6C}
		{9E320D65-E710-4570-A8ED-B866C23CC2C5} = {05AC5A39-F666-4BB1-A1A6-AAB74EA7D1FC}
		{44DECD65-5EBF-4F13-A39A-79D4472A2567} = {DE665C81-F00B-4263-9FC3-529C66E37A40}
	EndGlobalSection
EndGlobal
