
Microsoft Visual Studio Solution File, Format Version 12.00
# Visual Studio Version 17
VisualStudioVersion = 17.0.31903.59
MinimumVisualStudioVersion = 10.0.40219.1
Project("{FAE04EC0-301F-11D3-BF4B-00C04F79EFBC}") = "MediaManagementApi.Domain", "src\Core\MediaManagementApi.Domain\MediaManagementApi.Domain.csproj", "{AF9B8B8E-98C8-4DEC-8AE5-AC280821B546}"
EndProject
Project("{2150E333-8FDC-42A3-9474-1A3956D46DE8}") = "src", "src", "{2D96F1E8-416F-492A-B768-DF5D2274EA6C}"
EndProject
Project("{2150E333-8FDC-42A3-9474-1A3956D46DE8}") = "Core", "Core", "{FA6B1C41-CF03-4293-A04D-4AB6237D8078}"
EndProject
Project("{FAE04EC0-301F-11D3-BF4B-00C04F79EFBC}") = "MediaManagement.Application", "src\Core\MediaManagement.Application\MediaManagement.Application.csproj", "{7B4958A5-2A56-450C-89FB-DA7D05310A75}"
EndProject
Project("{2150E333-8FDC-42A3-9474-1A3956D46DE8}") = "Drivens", "Drivens", "{DE665C81-F00B-4263-9FC3-529C66E37A40}"
EndProject
Project("{FAE04EC0-301F-11D3-BF4B-00C04F79EFBC}") = "MediaManagement.Infra", "src\Drivens\MediaManagement.Infra\MediaManagement.Infra.csproj", "{8D145190-C985-4D4B-8149-C2B61880B2E2}"
EndProject
Project("{2150E333-8FDC-42A3-9474-1A3956D46DE8}") = "Drivers", "Drivers", "{05AC5A39-F666-4BB1-A1A6-AAB74EA7D1FC}"
EndProject
Project("{FAE04EC0-301F-11D3-BF4B-00C04F79EFBC}") = "MediaManagement.Api", "src\Drivers\MediaManagement.Api\MediaManagement.Api.csproj", "{9E320D65-E710-4570-A8ED-B866C23CC2C5}"
EndProject
Project("{FAE04EC0-301F-11D3-BF4B-00C04F79EFBC}") = "MediaManagement.S3", "src\Drivens\MediaManagement.S3\MediaManagement.S3.csproj", "{44DECD65-5EBF-4F13-A39A-79D4472A2567}"
EndProject
Project("{2150E333-8FDC-42A3-9474-1A3956D46DE8}") = "Solution Items", "Solution Items", "{A349415F-00EA-49A7-80C7-0A0BC4643200}"
	ProjectSection(SolutionItems) = preProject
		docker-compose.yml = docker-compose.yml
	EndProjectSection
EndProject
Project("{FAE04EC0-301F-11D3-BF4B-00C04F79EFBC}") = "MediaManagement.SQS", "src\Drivens\MediaManagement.SQS\MediaManagement.SQS.csproj", "{356BEFF7-D47A-4F2C-AF47-F0DB15047B06}"
EndProject
Project("{2150E333-8FDC-42A3-9474-1A3956D46DE8}") = "tests", "tests", "{7D178B8E-E73D-43BB-B077-870EEE71CD6A}"
EndProject
Project("{FAE04EC0-301F-11D3-BF4B-00C04F79EFBC}") = "MediaManagement.UnitTests", "test\MediaManagement.UnitTests\MediaManagement.UnitTests.csproj", "{EFD8766E-01C8-4E11-A033-C496E5FF5AC6}"
EndProject
Project("{2150E333-8FDC-42A3-9474-1A3956D46DE8}") = ".kubernetes", ".kubernetes", "{19AD9C78-7D17-4A11-8A74-163A43419232}"
	ProjectSection(SolutionItems) = preProject
		.kubernetes\deployment.yaml = .kubernetes\deployment.yaml
		.kubernetes\hpa.yaml = .kubernetes\hpa.yaml
		.kubernetes\secrets.yaml = .kubernetes\secrets.yaml
		.kubernetes\load-balancer.yaml = .kubernetes\load-balancer.yaml
	EndProjectSection
EndProject
Project("{FAE04EC0-301F-11D3-BF4B-00C04F79EFBC}") = "MediaManagement.Email.SMTP", "src\Drivens\MediaManagement.Email.SMTP\MediaManagement.Email.SMTP.csproj", "{2177A770-19A0-4D7E-A1A0-D9BC0AADBCF9}"
EndProject
Project("{2150E333-8FDC-42A3-9474-1A3956D46DE8}") = "Load Tests", "Load Tests", "{65B3FCA5-3460-476B-8460-D04C7D8F5537}"
	ProjectSection(SolutionItems) = preProject
		test\Load Tests\load_tests.js = test\Load Tests\load_tests.js
	EndProjectSection
EndProject
Global
	GlobalSection(SolutionConfigurationPlatforms) = preSolution
		Debug|Any CPU = Debug|Any CPU
		Release|Any CPU = Release|Any CPU
	EndGlobalSection
	GlobalSection(ProjectConfigurationPlatforms) = postSolution
		{AF9B8B8E-98C8-4DEC-8AE5-AC280821B546}.Debug|Any CPU.ActiveCfg = Debug|Any CPU
		{AF9B8B8E-98C8-4DEC-8AE5-AC280821B546}.Debug|Any CPU.Build.0 = Debug|Any CPU
		{AF9B8B8E-98C8-4DEC-8AE5-AC280821B546}.Release|Any CPU.ActiveCfg = Release|Any CPU
		{AF9B8B8E-98C8-4DEC-8AE5-AC280821B546}.Release|Any CPU.Build.0 = Release|Any CPU
		{7B4958A5-2A56-450C-89FB-DA7D05310A75}.Debug|Any CPU.ActiveCfg = Debug|Any CPU
		{7B4958A5-2A56-450C-89FB-DA7D05310A75}.Debug|Any CPU.Build.0 = Debug|Any CPU
		{7B4958A5-2A56-450C-89FB-DA7D05310A75}.Release|Any CPU.ActiveCfg = Release|Any CPU
		{7B4958A5-2A56-450C-89FB-DA7D05310A75}.Release|Any CPU.Build.0 = Release|Any CPU
		{8D145190-C985-4D4B-8149-C2B61880B2E2}.Debug|Any CPU.ActiveCfg = Debug|Any CPU
		{8D145190-C985-4D4B-8149-C2B61880B2E2}.Debug|Any CPU.Build.0 = Debug|Any CPU
		{8D145190-C985-4D4B-8149-C2B61880B2E2}.Release|Any CPU.ActiveCfg = Release|Any CPU
		{8D145190-C985-4D4B-8149-C2B61880B2E2}.Release|Any CPU.Build.0 = Release|Any CPU
		{9E320D65-E710-4570-A8ED-B866C23CC2C5}.Debug|Any CPU.ActiveCfg = Debug|Any CPU
		{9E320D65-E710-4570-A8ED-B866C23CC2C5}.Debug|Any CPU.Build.0 = Debug|Any CPU
		{9E320D65-E710-4570-A8ED-B866C23CC2C5}.Release|Any CPU.ActiveCfg = Release|Any CPU
		{9E320D65-E710-4570-A8ED-B866C23CC2C5}.Release|Any CPU.Build.0 = Release|Any CPU
		{44DECD65-5EBF-4F13-A39A-79D4472A2567}.Debug|Any CPU.ActiveCfg = Debug|Any CPU
		{44DECD65-5EBF-4F13-A39A-79D4472A2567}.Debug|Any CPU.Build.0 = Debug|Any CPU
		{44DECD65-5EBF-4F13-A39A-79D4472A2567}.Release|Any CPU.ActiveCfg = Release|Any CPU
		{44DECD65-5EBF-4F13-A39A-79D4472A2567}.Release|Any CPU.Build.0 = Release|Any CPU
		{356BEFF7-D47A-4F2C-AF47-F0DB15047B06}.Debug|Any CPU.ActiveCfg = Debug|Any CPU
		{356BEFF7-D47A-4F2C-AF47-F0DB15047B06}.Debug|Any CPU.Build.0 = Debug|Any CPU
		{356BEFF7-D47A-4F2C-AF47-F0DB15047B06}.Release|Any CPU.ActiveCfg = Release|Any CPU
		{356BEFF7-D47A-4F2C-AF47-F0DB15047B06}.Release|Any CPU.Build.0 = Release|Any CPU
		{EFD8766E-01C8-4E11-A033-C496E5FF5AC6}.Debug|Any CPU.ActiveCfg = Debug|Any CPU
		{EFD8766E-01C8-4E11-A033-C496E5FF5AC6}.Debug|Any CPU.Build.0 = Debug|Any CPU
		{EFD8766E-01C8-4E11-A033-C496E5FF5AC6}.Release|Any CPU.ActiveCfg = Release|Any CPU
		{EFD8766E-01C8-4E11-A033-C496E5FF5AC6}.Release|Any CPU.Build.0 = Release|Any CPU
		{2177A770-19A0-4D7E-A1A0-D9BC0AADBCF9}.Debug|Any CPU.ActiveCfg = Debug|Any CPU
		{2177A770-19A0-4D7E-A1A0-D9BC0AADBCF9}.Debug|Any CPU.Build.0 = Debug|Any CPU
		{2177A770-19A0-4D7E-A1A0-D9BC0AADBCF9}.Release|Any CPU.ActiveCfg = Release|Any CPU
		{2177A770-19A0-4D7E-A1A0-D9BC0AADBCF9}.Release|Any CPU.Build.0 = Release|Any CPU
	EndGlobalSection
	GlobalSection(SolutionProperties) = preSolution
		HideSolutionNode = FALSE
	EndGlobalSection
	GlobalSection(NestedProjects) = preSolution
		{AF9B8B8E-98C8-4DEC-8AE5-AC280821B546} = {FA6B1C41-CF03-4293-A04D-4AB6237D8078}
		{FA6B1C41-CF03-4293-A04D-4AB6237D8078} = {2D96F1E8-416F-492A-B768-DF5D2274EA6C}
		{7B4958A5-2A56-450C-89FB-DA7D05310A75} = {FA6B1C41-CF03-4293-A04D-4AB6237D8078}
		{DE665C81-F00B-4263-9FC3-529C66E37A40} = {2D96F1E8-416F-492A-B768-DF5D2274EA6C}
		{8D145190-C985-4D4B-8149-C2B61880B2E2} = {DE665C81-F00B-4263-9FC3-529C66E37A40}
		{05AC5A39-F666-4BB1-A1A6-AAB74EA7D1FC} = {2D96F1E8-416F-492A-B768-DF5D2274EA6C}
		{9E320D65-E710-4570-A8ED-B866C23CC2C5} = {05AC5A39-F666-4BB1-A1A6-AAB74EA7D1FC}
		{44DECD65-5EBF-4F13-A39A-79D4472A2567} = {DE665C81-F00B-4263-9FC3-529C66E37A40}
		{356BEFF7-D47A-4F2C-AF47-F0DB15047B06} = {DE665C81-F00B-4263-9FC3-529C66E37A40}
		{EFD8766E-01C8-4E11-A033-C496E5FF5AC6} = {7D178B8E-E73D-43BB-B077-870EEE71CD6A}
		{19AD9C78-7D17-4A11-8A74-163A43419232} = {A349415F-00EA-49A7-80C7-0A0BC4643200}
		{2177A770-19A0-4D7E-A1A0-D9BC0AADBCF9} = {DE665C81-F00B-4263-9FC3-529C66E37A40}
		{65B3FCA5-3460-476B-8460-D04C7D8F5537} = {7D178B8E-E73D-43BB-B077-870EEE71CD6A}
	EndGlobalSection
EndGlobal
